
Microsoft Visual Studio Solution File, Format Version 12.00
# Visual Studio Version 17
VisualStudioVersion = 17.2.32630.192
MinimumVisualStudioVersion = 10.0.40219.1
Project("{FAE04EC0-301F-11D3-BF4B-00C04F79EFBC}") = "Contracts", "Contracts\Contracts.csproj", "{D3F676A1-5618-4DFF-AF49-54C3D5E99F76}"
EndProject
Project("{FAE04EC0-301F-11D3-BF4B-00C04F79EFBC}") = "RabbitMQ.ServiceModel", "RabbitMq.Wcf\RabbitMQ.ServiceModel.csproj", "{D1E0EB21-B899-4B6C-A71C-CF55D97F12A9}"
EndProject
Project("{FAE04EC0-301F-11D3-BF4B-00C04F79EFBC}") = "RabbitMQ.Wcf.ConsoleClient", "RabbitMQ.Wcf.ConsoleClient\RabbitMQ.Wcf.ConsoleClient.csproj", "{64318549-4FF0-46D5-AA28-4921E8CA37F9}"
EndProject
Project("{FAE04EC0-301F-11D3-BF4B-00C04F79EFBC}") = "RabbitMQ.Wcf.ConsoleClientLoad", "RabbitMQ.Wcf.ConsoleClientLoad\RabbitMQ.Wcf.ConsoleClientLoad.csproj", "{CD61212D-C43D-4E18-923E-3E9962C63B05}"
EndProject
Project("{FAE04EC0-301F-11D3-BF4B-00C04F79EFBC}") = "RabbitMQ.Wcf.ConsoleHost", "RabbitMQ.Wcf.ConsoleHost\RabbitMQ.Wcf.ConsoleHost.csproj", "{AD7247F5-C642-43DC-99E3-629A1A99D95F}"
EndProject
Project("{FAE04EC0-301F-11D3-BF4B-00C04F79EFBC}") = "MessageReceiverNetClassic", "MessageReceiverNetClassic\MessageReceiverNetClassic.csproj", "{22FF909B-881E-4117-9444-004F8CFB5454}"
EndProject
Global
	GlobalSection(SolutionConfigurationPlatforms) = preSolution
		Debug|Any CPU = Debug|Any CPU
		Release|Any CPU = Release|Any CPU
	EndGlobalSection
	GlobalSection(ProjectConfigurationPlatforms) = postSolution
		{D3F676A1-5618-4DFF-AF49-54C3D5E99F76}.Debug|Any CPU.ActiveCfg = Debug|Any CPU
		{D3F676A1-5618-4DFF-AF49-54C3D5E99F76}.Debug|Any CPU.Build.0 = Debug|Any CPU
		{D3F676A1-5618-4DFF-AF49-54C3D5E99F76}.Release|Any CPU.ActiveCfg = Release|Any CPU
		{D3F676A1-5618-4DFF-AF49-54C3D5E99F76}.Release|Any CPU.Build.0 = Release|Any CPU
		{D1E0EB21-B899-4B6C-A71C-CF55D97F12A9}.Debug|Any CPU.ActiveCfg = Debug|Any CPU
		{D1E0EB21-B899-4B6C-A71C-CF55D97F12A9}.Debug|Any CPU.Build.0 = Debug|Any CPU
		{D1E0EB21-B899-4B6C-A71C-CF55D97F12A9}.Release|Any CPU.ActiveCfg = Release|Any CPU
		{D1E0EB21-B899-4B6C-A71C-CF55D97F12A9}.Release|Any CPU.Build.0 = Release|Any CPU
		{64318549-4FF0-46D5-AA28-4921E8CA37F9}.Debug|Any CPU.ActiveCfg = Debug|Any CPU
		{64318549-4FF0-46D5-AA28-4921E8CA37F9}.Debug|Any CPU.Build.0 = Debug|Any CPU
		{64318549-4FF0-46D5-AA28-4921E8CA37F9}.Release|Any CPU.ActiveCfg = Release|Any CPU
		{64318549-4FF0-46D5-AA28-4921E8CA37F9}.Release|Any CPU.Build.0 = Release|Any CPU
		{CD61212D-C43D-4E18-923E-3E9962C63B05}.Debug|Any CPU.ActiveCfg = Debug|Any CPU
		{CD61212D-C43D-4E18-923E-3E9962C63B05}.Debug|Any CPU.Build.0 = Debug|Any CPU
		{CD61212D-C43D-4E18-923E-3E9962C63B05}.Release|Any CPU.ActiveCfg = Release|Any CPU
		{CD61212D-C43D-4E18-923E-3E9962C63B05}.Release|Any CPU.Build.0 = Release|Any CPU
		{AD7247F5-C642-43DC-99E3-629A1A99D95F}.Debug|Any CPU.ActiveCfg = Debug|Any CPU
		{AD7247F5-C642-43DC-99E3-629A1A99D95F}.Debug|Any CPU.Build.0 = Debug|Any CPU
		{AD7247F5-C642-43DC-99E3-629A1A99D95F}.Release|Any CPU.ActiveCfg = Release|Any CPU
		{AD7247F5-C642-43DC-99E3-629A1A99D95F}.Release|Any CPU.Build.0 = Release|Any CPU
		{22FF909B-881E-4117-9444-004F8CFB5454}.Debug|Any CPU.ActiveCfg = Debug|Any CPU
		{22FF909B-881E-4117-9444-004F8CFB5454}.Debug|Any CPU.Build.0 = Debug|Any CPU
		{22FF909B-881E-4117-9444-004F8CFB5454}.Release|Any CPU.ActiveCfg = Release|Any CPU
		{22FF909B-881E-4117-9444-004F8CFB5454}.Release|Any CPU.Build.0 = Release|Any CPU
	EndGlobalSection
	GlobalSection(SolutionProperties) = preSolution
		HideSolutionNode = FALSE
	EndGlobalSection
	GlobalSection(ExtensibilityGlobals) = postSolution
		SolutionGuid = {6F5CA5A2-48DB-44A4-920F-F6F1177062B9}
	EndGlobalSection
EndGlobal
